lockfileVersion: '6.0'

settings:
  autoInstallPeers: true
  excludeLinksFromLockfile: false

dependencies:
  '@prisma/client':
    specifier: 5.2.0
    version: 5.2.0(prisma@5.2.0)
  '@t3-oss/env-core':
    specifier: ^0.6.1
    version: 0.6.1(typescript@5.2.2)(zod@3.22.2)
  date-holidays:
    specifier: ^3.21.5
    version: 3.21.5
  dotenv:
    specifier: ^8.6.0
    version: 8.6.0
  events:
    specifier: ^3.3.0
    version: 3.3.0
  fancy-text-converter:
    specifier: ^1.0.9
    version: 1.0.9
  keccak:
    specifier: ^2.1.0
    version: 2.1.0
  mppclone-client:
    specifier: ^1.1.3
    version: 1.1.3
  uWebSockets.js:
    specifier: github:uNetworking/uWebSockets.js#v20.31.0
    version: github.com/uNetworking/uWebSockets.js/809b99d2d7d12e2cbf89b7135041e9b41ff84084
  unique-names-generator:
    specifier: ^4.7.1
    version: 4.7.1
  yaml:
    specifier: ^2.3.2
    version: 2.3.2
  zod:
    specifier: ^3.22.2
    version: 3.22.2

devDependencies:
  '@types/node':
    specifier: ^20.5.9
    version: 20.5.9
  prisma:
    specifier: ^5.2.0
    version: 5.2.0
  typescript:
    specifier: ^5.2.2
    version: 5.2.2

packages:

  /@prisma/client@5.2.0(prisma@5.2.0):
    resolution: {integrity: sha512-AiTjJwR4J5Rh6Z/9ZKrBBLel3/5DzUNntMohOy7yObVnVoTNVFi2kvpLZlFuKO50d7yDspOtW6XBpiAd0BVXbQ==}
    engines: {node: '>=16.13'}
    requiresBuild: true
    peerDependencies:
      prisma: '*'
    peerDependenciesMeta:
      prisma:
        optional: true
    dependencies:
      '@prisma/engines-version': 5.2.0-25.2804dc98259d2ea960602aca6b8e7fdc03c1758f
      prisma: 5.2.0
    dev: false

  /@prisma/engines-version@5.2.0-25.2804dc98259d2ea960602aca6b8e7fdc03c1758f:
    resolution: {integrity: sha512-jsnKT5JIDIE01lAeCj2ghY9IwxkedhKNvxQeoyLs6dr4ZXynetD0vTy7u6wMJt8vVPv8I5DPy/I4CFaoXAgbtg==}
    dev: false

  /@prisma/engines@5.2.0:
    resolution: {integrity: sha512-dT7FOLUCdZmq+AunLqB1Iz+ZH/IIS1Fz2THmKZQ6aFONrQD/BQ5ecJ7g2wGS2OgyUFf4OaLam6/bxmgdOBDqig==}
    requiresBuild: true

  /@t3-oss/env-core@0.6.1(typescript@5.2.2)(zod@3.22.2):
    resolution: {integrity: sha512-KQD7qEDJtkWIWWmTVjNvk0wnHpkvAQ6CRbUxbWMFNG/fiosBQDQvtRpBNu6USxBscJCoC4z6y7P9MN52/mLOzw==}
    peerDependencies:
      typescript: '>=4.7.2'
      zod: ^3.0.0
    dependencies:
      typescript: 5.2.2
      zod: 3.22.2
    dev: false

  /@types/node@20.5.9:
    resolution: {integrity: sha512-PcGNd//40kHAS3sTlzKB9C9XL4K0sTup8nbG5lC14kzEteTNuAFh9u5nA0o5TWnSG2r/JNPRXFVcHJIIeRlmqQ==}
    dev: true

  /argparse@2.0.1:
    resolution: {integrity: sha512-8+9WqebbFzpX9OR+Wa6O29asIogeRMzcGtAINdpMHHyAg10f05aSFVBbcEqGf/PXw1EjAZ+q2/bEBg3DvurK3Q==}
    dev: false

  /astronomia@4.1.1:
    resolution: {integrity: sha512-TcJD9lUC5eAo0/Ji7rnQauX/yQbi0yZWM+JsNr77W3OA5fsrgvuFgubLMFwfw4VlZ29cu9dG/yfJbfvuTSftjg==}
    engines: {node: '>=12.0.0'}
    dev: false

  /bindings@1.5.0:
    resolution: {integrity: sha512-p2q/t/mhvuOj/UeLlV6566GD/guowlr0hHxClI0W9m7MWYkL1F0hLo+0Aexs9HSPCtR1SXQ0TD3MMKrXZajbiQ==}
    dependencies:
      file-uri-to-path: 1.0.0
    dev: false

  /caldate@2.0.5:
    resolution: {integrity: sha512-JndhrUuDuE975KUhFqJaVR1OQkCHZqpOrJur/CFXEIEhWhBMjxO85cRSK8q4FW+B+yyPq6GYua2u4KvNzTcq0w==}
    engines: {node: '>=12.0.0'}
    dependencies:
      moment-timezone: 0.5.43
    dev: false

  /date-bengali-revised@2.0.2:
    resolution: {integrity: sha512-q9iDru4+TSA9k4zfm0CFHJj6nBsxP7AYgWC/qodK/i7oOIlj5K2z5IcQDtESfs/Qwqt/xJYaP86tkazd/vRptg==}
    engines: {node: '>=12.0.0'}
    dev: false

  /date-chinese@2.1.4:
    resolution: {integrity: sha512-WY+6+Qw92ZGWFvGtStmNQHEYpNa87b8IAQ5T8VKt4wqrn24lBXyyBnWI5jAIyy7h/KVwJZ06bD8l/b7yss82Ww==}
    engines: {node: '>=12.0.0'}
    dependencies:
      astronomia: 4.1.1
    dev: false

  /date-easter@1.0.2:
    resolution: {integrity: sha512-mpC1izx7lUSLYl4B88V2W57eNB4xS2ic+ahxK2AYUsaBTsCeHzT6K5ymUKzL9YPFf/GlygFqpiD4/NO1hxDsLw==}
    engines: {node: '>=12.0.0'}
    dev: false

  /date-holidays-parser@3.4.4:
    resolution: {integrity: sha512-R5aO4oT8H51ZKdvApqHrqYEiNBrqT6tRj2PFXNcZfqMI4nxY7KKKly0ZsmquR5gY+x9ldKR8SAMdozzIInaoXg==}
    engines: {node: '>=12.0.0'}
    dependencies:
      astronomia: 4.1.1
      caldate: 2.0.5
      date-bengali-revised: 2.0.2
      date-chinese: 2.1.4
      date-easter: 1.0.2
      deepmerge: 4.3.1
      jalaali-js: 1.2.6
      moment-timezone: 0.5.43
    dev: false

  /date-holidays@3.21.5:
    resolution: {integrity: sha512-5X/UK7FunfIiM/q7CwepNfzh1XkkukdZNfTPyKlD5kx01MQzJ9DqKyTcFNzlQJ+HgpAxqUqSs3+F8mwV9bzo/w==}
    engines: {node: '>=12.0.0'}
    hasBin: true
    dependencies:
      date-holidays-parser: 3.4.4
      js-yaml: 4.1.0
      lodash.omit: 4.5.0
      lodash.pick: 4.4.0
      prepin: 1.0.3
    dev: false

  /deepmerge@4.3.1:
    resolution: {integrity: sha512-3sUqbMEc77XqpdNO7FRyRog+eW3ph+GYCbj+rK+uYyRMuwsVy0rMiVtPn+QJlKFvWP/1PYpapqYn0Me2knFn+A==}
    engines: {node: '>=0.10.0'}
    dev: false

  /dotenv@8.6.0:
    resolution: {integrity: sha512-IrPdXQsk2BbzvCBGBOTmmSH5SodmqZNt4ERAZDmW4CT+tL8VtvinqywuANaFu4bOMWki16nqf0e4oC0QIaDr/g==}
    engines: {node: '>=10'}
    dev: false

  /events@3.3.0:
    resolution: {integrity: sha512-mQw+2fkQbALzQ7V0MY0IqdnXNOeTtP4r0lN9z7AAawCXgqea7bDii20AYrIBrFd/Hx0M2Ocz6S111CaFkUcb0Q==}
    engines: {node: '>=0.8.x'}
    dev: false

  /fancy-text-converter@1.0.9:
    resolution: {integrity: sha512-tFUAWpEfZOYhdsjILVu7c0PL9Ud9pTQmonm/2mdvFC7WcEHIYi9NYS5irJYFdBJDIRSqi64XV+IhHPc/ngxtyw==}
    dev: false

  /file-uri-to-path@1.0.0:
    resolution: {integrity: sha512-0Zt+s3L7Vf1biwWZ29aARiVYLx7iMGnEUl9x33fbB/j3jR81u/O2LbqK+Bm1CDSNDKVtJ/YjwY7TUd5SkeLQLw==}
    dev: false

  /inherits@2.0.4:
    resolution: {integrity: sha512-k/vGaX4/Yla3WzyMCvTQOXYeIHvqOKtnqBduzTHpzpQZzAskKMhZ2K+EnBiSM9zGSoIFeMpXKxa4dYeZIQqewQ==}
    dev: false

  /jalaali-js@1.2.6:
    resolution: {integrity: sha512-io974va+Qyu+UfuVX3UIAgJlxLhAMx9Y8VMfh+IG00Js7hXQo1qNQuwSiSa0xxco0SVgx5HWNkaiCcV+aZ8WPw==}
    dev: false

  /js-yaml@4.1.0:
    resolution: {integrity: sha512-wpxZs9NoxZaJESJGIZTyDEaYpl0FKSA+FB9aJiyemKhMwkxQg63h4T1KJgUGHpTqPDNRcmmYLugrRjJlBtWvRA==}
    hasBin: true
    dependencies:
      argparse: 2.0.1
    dev: false

  /keccak@2.1.0:
    resolution: {integrity: sha512-m1wbJRTo+gWbctZWay9i26v5fFnYkOn7D5PCxJ3fZUGUEb49dE1Pm4BREUYCt/aoO6di7jeoGmhvqN9Nzylm3Q==}
    engines: {node: '>=5.12.0'}
    requiresBuild: true
    dependencies:
      bindings: 1.5.0
      inherits: 2.0.4
      nan: 2.17.0
      safe-buffer: 5.2.1
    dev: false

  /lodash.omit@4.5.0:
    resolution: {integrity: sha512-XeqSp49hNGmlkj2EJlfrQFIzQ6lXdNro9sddtQzcJY8QaoC2GO0DT7xaIokHeyM+mIT0mPMlPvkYzg2xCuHdZg==}
    dev: false

  /lodash.pick@4.4.0:
    resolution: {integrity: sha512-hXt6Ul/5yWjfklSGvLQl8vM//l3FtyHZeuelpzK6mm99pNvN9yTDruNZPEJZD1oWrqo+izBmB7oUfWgcCX7s4Q==}
    dev: false

  /moment-timezone@0.5.43:
    resolution: {integrity: sha512-72j3aNyuIsDxdF1i7CEgV2FfxM1r6aaqJyLB2vwb33mXYyoyLly+F1zbWqhA3/bVIoJ4szlUoMbUnVdid32NUQ==}
    dependencies:
      moment: 2.29.4
    dev: false

  /moment@2.29.4:
    resolution: {integrity: sha512-5LC9SOxjSc2HF6vO2CyuTDNivEdoz2IvyJJGj6X8DJ0eFyfszE0QiEd+iXmBvUP3WHxSjFH/vIsA0EN00cgr8w==}
    dev: false

  /mppclone-client@1.1.3:
    resolution: {integrity: sha512-5DSkQmZOj823/BPwi6CQa4UWkoAX7itfNxf6L26NJS/qj9AljuKoqnIZxhtSKdak75qZd5Jgx+zD1aXflRNxHg==}
    dependencies:
      ws: 8.14.0
    transitivePeerDependencies:
      - bufferutil
      - utf-8-validate
    dev: false

  /nan@2.17.0:
    resolution: {integrity: sha512-2ZTgtl0nJsO0KQCjEpxcIr5D+Yv90plTitZt9JBfQvVJDS5seMl3FOvsh3+9CoYWXf/1l5OaZzzF6nDm4cagaQ==}
    dev: false

  /prepin@1.0.3:
    resolution: {integrity: sha512-0XL2hreherEEvUy0fiaGEfN/ioXFV+JpImqIzQjxk6iBg4jQ2ARKqvC4+BmRD8w/pnpD+lbxvh0Ub+z7yBEjvA==}
    hasBin: true
    dev: false

  /prisma@5.2.0:
    resolution: {integrity: sha512-FfFlpjVCkZwrqxDnP4smlNYSH1so+CbfjgdpioFzGGqlQAEm6VHAYSzV7jJgC3ebtY9dNOhDMS2+4/1DDSM7bQ==}
    engines: {node: '>=16.13'}
    hasBin: true
    requiresBuild: true
    dependencies:
      '@prisma/engines': 5.2.0

  /safe-buffer@5.2.1:
    resolution: {integrity: sha512-rp3So07KcdmmKbGvgaNxQSJr7bGVSVk5S9Eq1F+ppbRo70+YeaDxkw5Dd8NPN+GD6bjnYm2VuPuCXmpuYvmCXQ==}
    dev: false

  /typescript@5.2.2:
    resolution: {integrity: sha512-mI4WrpHsbCIcwT9cF4FZvr80QUeKvsUsUvKDoR+X/7XHQH98xYD8YHZg7ANtz2GtZt/CBq2QJ0thkGJMHfqc1w==}
    engines: {node: '>=14.17'}
    hasBin: true

  /unique-names-generator@4.7.1:
    resolution: {integrity: sha512-lMx9dX+KRmG8sq6gulYYpKWZc9RlGsgBR6aoO8Qsm3qvkSJ+3rAymr+TnV8EDMrIrwuFJ4kruzMWM/OpYzPoow==}
    engines: {node: '>=8'}
    dev: false

  /ws@8.14.0:
    resolution: {integrity: sha512-WR0RJE9Ehsio6U4TuM+LmunEsjQ5ncHlw4sn9ihD6RoJKZrVyH9FWV3dmnwu8B2aNib1OvG2X6adUCyFpQyWcg==}
    engines: {node: '>=10.0.0'}
    peerDependencies:
      bufferutil: ^4.0.1
      utf-8-validate: '>=5.0.2'
    peerDependenciesMeta:
      bufferutil:
        optional: true
      utf-8-validate:
        optional: true
    dev: false

  /yaml@2.3.2:
    resolution: {integrity: sha512-N/lyzTPaJasoDmfV7YTrYCI0G/3ivm/9wdG0aHuheKowWQwGTsK0Eoiw6utmzAnI6pkJa0DUVygvp3spqqEKXg==}
    engines: {node: '>= 14'}
    dev: false

  /zod@3.22.2:
    resolution: {integrity: sha512-wvWkphh5WQsJbVk1tbx1l1Ly4yg+XecD+Mq280uBGt9wa5BKSWf4Mhp6GmrkPixhMxmabYY7RbzlwVP32pbGCg==}
    dev: false

  github.com/uNetworking/uWebSockets.js/809b99d2d7d12e2cbf89b7135041e9b41ff84084:
    resolution: {tarball: https://codeload.github.com/uNetworking/uWebSockets.js/tar.gz/809b99d2d7d12e2cbf89b7135041e9b41ff84084}
    name: uWebSockets.js
    version: 20.31.0
    dev: false
